// !$*UTF8*$!
{
	archiveVersion = 1;
	classes = {
	};
	objectVersion = 56;
	objects = {

/* Begin PBXBuildFile section */
		AE848AAB2AA1B1820032EB5E /* AppDelegate.swift in Sources */ = {isa = PBXBuildFile; fileRef = AE848AAA2AA1B1820032EB5E /* AppDelegate.swift */; };
		AE848AAD2AA1B1820032EB5E /* SceneDelegate.swift in Sources */ = {isa = PBXBuildFile; fileRef = AE848AAC2AA1B1820032EB5E /* SceneDelegate.swift */; };
		AE848AAF2AA1B1820032EB5E /* ViewController.swift in Sources */ = {isa = PBXBuildFile; fileRef = AE848AAE2AA1B1820032EB5E /* ViewController.swift */; };
		AE848AB22AA1B1820032EB5E /* Main.storyboard in Resources */ = {isa = PBXBuildFile; fileRef = AE848AB02AA1B1820032EB5E /* Main.storyboard */; };
		AE848AB42AA1B1840032EB5E /* Assets.xcassets in Resources */ = {isa = PBXBuildFile; fileRef = AE848AB32AA1B1840032EB5E /* Assets.xcassets */; };
		AE848AB72AA1B1840032EB5E /* LaunchScreen.storyboard in Resources */ = {isa = PBXBuildFile; fileRef = AE848AB52AA1B1840032EB5E /* LaunchScreen.storyboard */; };
		AE848ABF2AA1B96A0032EB5E /* Students.storyboard in Resources */ = {isa = PBXBuildFile; fileRef = AE848ABE2AA1B96A0032EB5E /* Students.storyboard */; };
		AE848AC12AA1BB990032EB5E /* AdditingNewStudent.storyboard in Resources */ = {isa = PBXBuildFile; fileRef = AE848AC02AA1BB990032EB5E /* AdditingNewStudent.storyboard */; };
		AE848AC32AA1BEF20032EB5E /* Teachers.storyboard in Resources */ = {isa = PBXBuildFile; fileRef = AE848AC22AA1BEF20032EB5E /* Teachers.storyboard */; };
		AE848AC52AA1BFA60032EB5E /* StudentsInfo.storyboard in Resources */ = {isa = PBXBuildFile; fileRef = AE848AC42AA1BFA60032EB5E /* StudentsInfo.storyboard */; };
		AE848AC92AA1C3E40032EB5E /* TeacherInfo.storyboard in Resources */ = {isa = PBXBuildFile; fileRef = AE848AC82AA1C3E40032EB5E /* TeacherInfo.storyboard */; };
		AE848ACB2AA1CB520032EB5E /* AdditingNewTeacher.storyboard in Resources */ = {isa = PBXBuildFile; fileRef = AE848ACA2AA1CB520032EB5E /* AdditingNewTeacher.storyboard */; };
		AE848ACD2AA1CC9E0032EB5E /* Students.swift in Sources */ = {isa = PBXBuildFile; fileRef = AE848ACC2AA1CC9E0032EB5E /* Students.swift */; };
		AE848ACF2AA1CE3A0032EB5E /* AdditingNewStudent.swift in Sources */ = {isa = PBXBuildFile; fileRef = AE848ACE2AA1CE3A0032EB5E /* AdditingNewStudent.swift */; };
		AE848AD12AA1CEFB0032EB5E /* Teachers.swift in Sources */ = {isa = PBXBuildFile; fileRef = AE848AD02AA1CEFB0032EB5E /* Teachers.swift */; };
		AE848AD32AA1CF810032EB5E /* StudentsInfo.swift in Sources */ = {isa = PBXBuildFile; fileRef = AE848AD22AA1CF810032EB5E /* StudentsInfo.swift */; };
		AE848AD52AA1CFC70032EB5E /* TeachersInfo.swift in Sources */ = {isa = PBXBuildFile; fileRef = AE848AD42AA1CFC70032EB5E /* TeachersInfo.swift */; };
		AE848AD72AA1CFFC0032EB5E /* AdditingNewTeacher.swift in Sources */ = {isa = PBXBuildFile; fileRef = AE848AD62AA1CFFC0032EB5E /* AdditingNewTeacher.swift */; };
		AE848ADA2AA1D3520032EB5E /* TeachersTableViewCell.swift in Sources */ = {isa = PBXBuildFile; fileRef = AE848AD92AA1D3520032EB5E /* TeachersTableViewCell.swift */; };
		AE848ADC2AA1D3E10032EB5E /* SudentsTableViewCell copy.swift in Sources */ = {isa = PBXBuildFile; fileRef = AE848ADB2AA1D3E10032EB5E /* SudentsTableViewCell copy.swift */; };
/* End PBXBuildFile section */

/* Begin PBXFileReference section */
		AE848AA72AA1B1820032EB5E /* homeWorkNumberTen.app */ = {isa = PBXFileReference; explicitFileType = wrapper.application; includeInIndex = 0; path = homeWorkNumberTen.app; sourceTree = BUILT_PRODUCTS_DIR; };
		AE848AAA2AA1B1820032EB5E /* AppDelegate.swift */ = {isa = PBXFileReference; lastKnownFileType = sourcecode.swift; path = AppDelegate.swift; sourceTree = "<group>"; };
		AE848AAC2AA1B1820032EB5E /* SceneDelegate.swift */ = {isa = PBXFileReference; lastKnownFileType = sourcecode.swift; path = SceneDelegate.swift; sourceTree = "<group>"; };
		AE848AAE2AA1B1820032EB5E /* ViewController.swift */ = {isa = PBXFileReference; lastKnownFileType = sourcecode.swift; path = ViewController.swift; sourceTree = "<group>"; };
		AE848AB12AA1B1820032EB5E /* Base */ = {isa = PBXFileReference; lastKnownFileType = file.storyboard; name = Base; path = Base.lproj/Main.storyboard; sourceTree = "<group>"; };
		AE848AB32AA1B1840032EB5E /* Assets.xcassets */ = {isa = PBXFileReference; lastKnownFileType = folder.assetcatalog; path = Assets.xcassets; sourceTree = "<group>"; };
		AE848AB62AA1B1840032EB5E /* Base */ = {isa = PBXFileReference; lastKnownFileType = file.storyboard; name = Base; path = Base.lproj/LaunchScreen.storyboard; sourceTree = "<group>"; };
		AE848AB82AA1B1840032EB5E /* Info.plist */ = {isa = PBXFileReference; lastKnownFileType = text.plist.xml; path = Info.plist; sourceTree = "<group>"; };
		AE848ABE2AA1B96A0032EB5E /* Students.storyboard */ = {isa = PBXFileReference; lastKnownFileType = file.storyboard; path = Students.storyboard; sourceTree = "<group>"; };
		AE848AC02AA1BB990032EB5E /* AdditingNewStudent.storyboard */ = {isa = PBXFileReference; lastKnownFileType = file.storyboard; path = AdditingNewStudent.storyboard; sourceTree = "<group>"; };
		AE848AC22AA1BEF20032EB5E /* Teachers.storyboard */ = {isa = PBXFileReference; lastKnownFileType = file.storyboard; path = Teachers.storyboard; sourceTree = "<group>"; };
		AE848AC42AA1BFA60032EB5E /* StudentsInfo.storyboard */ = {isa = PBXFileReference; lastKnownFileType = file.storyboard; path = StudentsInfo.storyboard; sourceTree = "<group>"; };
		AE848AC82AA1C3E40032EB5E /* TeacherInfo.storyboard */ = {isa = PBXFileReference; lastKnownFileType = file.storyboard; path = TeacherInfo.storyboard; sourceTree = "<group>"; };
		AE848ACA2AA1CB520032EB5E /* AdditingNewTeacher.storyboard */ = {isa = PBXFileReference; lastKnownFileType = file.storyboard; path = AdditingNewTeacher.storyboard; sourceTree = "<group>"; };
		AE848ACC2AA1CC9E0032EB5E /* Students.swift */ = {isa = PBXFileReference; lastKnownFileType = sourcecode.swift; path = Students.swift; sourceTree = "<group>"; };
		AE848ACE2AA1CE3A0032EB5E /* AdditingNewStudent.swift */ = {isa = PBXFileReference; lastKnownFileType = sourcecode.swift; path = AdditingNewStudent.swift; sourceTree = "<group>"; };
		AE848AD02AA1CEFB0032EB5E /* Teachers.swift */ = {isa = PBXFileReference; lastKnownFileType = sourcecode.swift; path = Teachers.swift; sourceTree = "<group>"; };
		AE848AD22AA1CF810032EB5E /* StudentsInfo.swift */ = {isa = PBXFileReference; lastKnownFileType = sourcecode.swift; path = StudentsInfo.swift; sourceTree = "<group>"; };
		AE848AD42AA1CFC70032EB5E /* TeachersInfo.swift */ = {isa = PBXFileReference; lastKnownFileType = sourcecode.swift; path = TeachersInfo.swift; sourceTree = "<group>"; };
		AE848AD62AA1CFFC0032EB5E /* AdditingNewTeacher.swift */ = {isa = PBXFileReference; lastKnownFileType = sourcecode.swift; path = AdditingNewTeacher.swift; sourceTree = "<group>"; };
		AE848AD92AA1D3520032EB5E /* TeachersTableViewCell.swift */ = {isa = PBXFileReference; lastKnownFileType = sourcecode.swift; path = TeachersTableViewCell.swift; sourceTree = "<group>"; };
		AE848ADB2AA1D3E10032EB5E /* SudentsTableViewCell copy.swift */ = {isa = PBXFileReference; lastKnownFileType = sourcecode.swift; path = "SudentsTableViewCell copy.swift"; sourceTree = "<group>"; };
/* End PBXFileReference section */

/* Begin PBXFrameworksBuildPhase section */
		AE848AA42AA1B1820032EB5E /* Frameworks */ = {
			isa = PBXFrameworksBuildPhase;
			buildActionMask = 2147483647;
			files = (
			);
			runOnlyForDeploymentPostprocessing = 0;
		};
/* End PBXFrameworksBuildPhase section */

/* Begin PBXGroup section */
		AE848A9E2AA1B1820032EB5E = {
			isa = PBXGroup;
			children = (
				AE848AA92AA1B1820032EB5E /* homeWorkNumberTen */,
				AE848AA82AA1B1820032EB5E /* Products */,
			);
			sourceTree = "<group>";
		};
		AE848AA82AA1B1820032EB5E /* Products */ = {
			isa = PBXGroup;
			children = (
				AE848AA72AA1B1820032EB5E /* homeWorkNumberTen.app */,
			);
			name = Products;
			sourceTree = "<group>";
		};
		AE848AA92AA1B1820032EB5E /* homeWorkNumberTen */ = {
			isa = PBXGroup;
			children = (
				AE848AD82AA1D3240032EB5E /* Cells */,
				AE848AAA2AA1B1820032EB5E /* AppDelegate.swift */,
				AE848AAC2AA1B1820032EB5E /* SceneDelegate.swift */,
				AE848AAE2AA1B1820032EB5E /* ViewController.swift */,
				AE848AB02AA1B1820032EB5E /* Main.storyboard */,
				AE848AB32AA1B1840032EB5E /* Assets.xcassets */,
				AE848AB52AA1B1840032EB5E /* LaunchScreen.storyboard */,
				AE848AB82AA1B1840032EB5E /* Info.plist */,
				AE848ACC2AA1CC9E0032EB5E /* Students.swift */,
				AE848AD02AA1CEFB0032EB5E /* Teachers.swift */,
				AE848AD22AA1CF810032EB5E /* StudentsInfo.swift */,
				AE848AD42AA1CFC70032EB5E /* TeachersInfo.swift */,
				AE848ACE2AA1CE3A0032EB5E /* AdditingNewStudent.swift */,
				AE848AD62AA1CFFC0032EB5E /* AdditingNewTeacher.swift */,
				AE848ABE2AA1B96A0032EB5E /* Students.storyboard */,
				AE848AC22AA1BEF20032EB5E /* Teachers.storyboard */,
				AE848AC42AA1BFA60032EB5E /* StudentsInfo.storyboard */,
				AE848AC82AA1C3E40032EB5E /* TeacherInfo.storyboard */,
				AE848AC02AA1BB990032EB5E /* AdditingNewStudent.storyboard */,
				AE848ACA2AA1CB520032EB5E /* AdditingNewTeacher.storyboard */,
			);
			path = homeWorkNumberTen;
			sourceTree = "<group>";
		};
		AE848AD82AA1D3240032EB5E /* Cells */ = {
			isa = PBXGroup;
			children = (
				AE848ADB2AA1D3E10032EB5E /* SudentsTableViewCell copy.swift */,
				AE848AD92AA1D3520032EB5E /* TeachersTableViewCell.swift */,
			);
			path = Cells;
			sourceTree = "<group>";
		};
/* End PBXGroup section */

/* Begin PBXNativeTarget section */
		AE848AA62AA1B1820032EB5E /* homeWorkNumberTen */ = {
			isa = PBXNativeTarget;
			buildConfigurationList = AE848ABB2AA1B1840032EB5E /* Build configuration list for PBXNativeTarget "homeWorkNumberTen" */;
			buildPhases = (
				AE848AA32AA1B1820032EB5E /* Sources */,
				AE848AA42AA1B1820032EB5E /* Frameworks */,
				AE848AA52AA1B1820032EB5E /* Resources */,
			);
			buildRules = (
			);
			dependencies = (
			);
			name = homeWorkNumberTen;
			productName = homeWorkNumberTen;
			productReference = AE848AA72AA1B1820032EB5E /* homeWorkNumberTen.app */;
			productType = "com.apple.product-type.application";
		};
/* End PBXNativeTarget section */

/* Begin PBXProject section */
		AE848A9F2AA1B1820032EB5E /* Project object */ = {
			isa = PBXProject;
			attributes = {
				BuildIndependentTargetsInParallel = 1;
				LastSwiftUpdateCheck = 1430;
				LastUpgradeCheck = 1430;
				TargetAttributes = {
					AE848AA62AA1B1820032EB5E = {
						CreatedOnToolsVersion = 14.3.1;
					};
				};
			};
			buildConfigurationList = AE848AA22AA1B1820032EB5E /* Build configuration list for PBXProject "homeWorkNumberTen" */;
			compatibilityVersion = "Xcode 14.0";
			developmentRegion = en;
			hasScannedForEncodings = 0;
			knownRegions = (
				en,
				Base,
			);
			mainGroup = AE848A9E2AA1B1820032EB5E;
			productRefGroup = AE848AA82AA1B1820032EB5E /* Products */;
			projectDirPath = "";
			projectRoot = "";
			targets = (
				AE848AA62AA1B1820032EB5E /* homeWorkNumberTen */,
			);
		};
/* End PBXProject section */

/* Begin PBXResourcesBuildPhase section */
		AE848AA52AA1B1820032EB5E /* Resources */ = {
			isa = PBXResourcesBuildPhase;
			buildActionMask = 2147483647;
			files = (
				AE848ABF2AA1B96A0032EB5E /* Students.storyboard in Resources */,
				AE848AC12AA1BB990032EB5E /* AdditingNewStudent.storyboard in Resources */,
				AE848AC32AA1BEF20032EB5E /* Teachers.storyboard in Resources */,
				AE848AB72AA1B1840032EB5E /* LaunchScreen.storyboard in Resources */,
				AE848AB42AA1B1840032EB5E /* Assets.xcassets in Resources */,
				AE848AC92AA1C3E40032EB5E /* TeacherInfo.storyboard in Resources */,
				AE848ACB2AA1CB520032EB5E /* AdditingNewTeacher.storyboard in Resources */,
				AE848AB22AA1B1820032EB5E /* Main.storyboard in Resources */,
				AE848AC52AA1BFA60032EB5E /* StudentsInfo.storyboard in Resources */,
			);
			runOnlyForDeploymentPostprocessing = 0;
		};
/* End PBXResourcesBuildPhase section */

/* Begin PBXSourcesBuildPhase section */
		AE848AA32AA1B1820032EB5E /* Sources */ = {
			isa = PBXSourcesBuildPhase;
			buildActionMask = 2147483647;
			files = (
				AE848AD12AA1CEFB0032EB5E /* Teachers.swift in Sources */,
				AE848AD72AA1CFFC0032EB5E /* AdditingNewTeacher.swift in Sources */,
				AE848ACF2AA1CE3A0032EB5E /* AdditingNewStudent.swift in Sources */,
				AE848AAF2AA1B1820032EB5E /* ViewController.swift in Sources */,
				AE848AD52AA1CFC70032EB5E /* TeachersInfo.swift in Sources */,
				AE848AAB2AA1B1820032EB5E /* AppDelegate.swift in Sources */,
				AE848ADC2AA1D3E10032EB5E /* SudentsTableViewCell copy.swift in Sources */,
				AE848ADA2AA1D3520032EB5E /* TeachersTableViewCell.swift in Sources */,
				AE848AD32AA1CF810032EB5E /* StudentsInfo.swift in Sources */,
				AE848AAD2AA1B1820032EB5E /* SceneDelegate.swift in Sources */,
				AE848ACD2AA1CC9E0032EB5E /* Students.swift in Sources */,
			);
			runOnlyForDeploymentPostprocessing = 0;
		};
/* End PBXSourcesBuildPhase section */

/* Begin PBXVariantGroup section */
		AE848AB02AA1B1820032EB5E /* Main.storyboard */ = {
			isa = PBXVariantGroup;
			children = (
				AE848AB12AA1B1820032EB5E /* Base */,
			);
			name = Main.storyboard;
			sourceTree = "<group>";
		};
		AE848AB52AA1B1840032EB5E /* LaunchScreen.storyboard */ = {
			isa = PBXVariantGroup;
			children = (
				AE848AB62AA1B1840032EB5E /* Base */,
			);
			name = LaunchScreen.storyboard;
			sourceTree = "<group>";
		};
/* End PBXVariantGroup section */

/* Begin XCBuildConfiguration section */
		AE848AB92AA1B1840032EB5E /* Debug */ = {
			isa = XCBuildConfiguration;
			buildSettings = {
				ALWAYS_SEARCH_USER_PATHS = NO;
				CLANG_ANALYZER_NONNULL = YES;
				CLANG_ANALYZER_NUMBER_OBJECT_CONVERSION = YES_AGGRESSIVE;
				CLANG_CXX_LANGUAGE_STANDARD = "gnu++20";
				CLANG_ENABLE_MODULES = YES;
				CLANG_ENABLE_OBJC_ARC = YES;
				CLANG_ENABLE_OBJC_WEAK = YES;
				CLANG_WARN_BLOCK_CAPTURE_AUTORELEASING = YES;
				CLANG_WARN_BOOL_CONVERSION = YES;
				CLANG_WARN_COMMA = YES;
				CLANG_WARN_CONSTANT_CONVERSION = YES;
				CLANG_WARN_DEPRECATED_OBJC_IMPLEMENTATIONS = YES;
				CLANG_WARN_DIRECT_OBJC_ISA_USAGE = YES_ERROR;
				CLANG_WARN_DOCUMENTATION_COMMENTS = YES;
				CLANG_WARN_EMPTY_BODY = YES;
				CLANG_WARN_ENUM_CONVERSION = YES;
				CLANG_WARN_INFINITE_RECURSION = YES;
				CLANG_WARN_INT_CONVERSION = YES;
				CLANG_WARN_NON_LITERAL_NULL_CONVERSION = YES;
				CLANG_WARN_OBJC_IMPLICIT_RETAIN_SELF = YES;
				CLANG_WARN_OBJC_LITERAL_CONVERSION = YES;
				CLANG_WARN_OBJC_ROOT_CLASS = YES_ERROR;
				CLANG_WARN_QUOTED_INCLUDE_IN_FRAMEWORK_HEADER = YES;
				CLANG_WARN_RANGE_LOOP_ANALYSIS = YES;
				CLANG_WARN_STRICT_PROTOTYPES = YES;
				CLANG_WARN_SUSPICIOUS_MOVE = YES;
				CLANG_WARN_UNGUARDED_AVAILABILITY = YES_AGGRESSIVE;
				CLANG_WARN_UNREACHABLE_CODE = YES;
				CLANG_WARN__DUPLICATE_METHOD_MATCH = YES;
				COPY_PHASE_STRIP = NO;
				DEBUG_INFORMATION_FORMAT = dwarf;
				ENABLE_STRICT_OBJC_MSGSEND = YES;
				ENABLE_TESTABILITY = YES;
				GCC_C_LANGUAGE_STANDARD = gnu11;
				GCC_DYNAMIC_NO_PIC = NO;
				GCC_NO_COMMON_BLOCKS = YES;
				GCC_OPTIMIZATION_LEVEL = 0;
				GCC_PREPROCESSOR_DEFINITIONS = (
					"DEBUG=1",
					"$(inherited)",
				);
				GCC_WARN_64_TO_32_BIT_CONVERSION = YES;
				GCC_WARN_ABOUT_RETURN_TYPE = YES_ERROR;
				GCC_WARN_UNDECLARED_SELECTOR = YES;
				GCC_WARN_UNINITIALIZED_AUTOS = YES_AGGRESSIVE;
				GCC_WARN_UNUSED_FUNCTION = YES;
				GCC_WARN_UNUSED_VARIABLE = YES;
				IPHONEOS_DEPLOYMENT_TARGET = 16.4;
				MTL_ENABLE_DEBUG_INFO = INCLUDE_SOURCE;
				MTL_FAST_MATH = YES;
				ONLY_ACTIVE_ARCH = YES;
				SDKROOT = iphoneos;
				SWIFT_ACTIVE_COMPILATION_CONDITIONS = DEBUG;
				SWIFT_OPTIMIZATION_LEVEL = "-Onone";
			};
			name = Debug;
		};
		AE848ABA2AA1B1840032EB5E /* Release */ = {
			isa = XCBuildConfiguration;
			buildSettings = {
				ALWAYS_SEARCH_USER_PATHS = NO;
				CLANG_ANALYZER_NONNULL = YES;
				CLANG_ANALYZER_NUMBER_OBJECT_CONVERSION = YES_AGGRESSIVE;
				CLANG_CXX_LANGUAGE_STANDARD = "gnu++20";
				CLANG_ENABLE_MODULES = YES;
				CLANG_ENABLE_OBJC_ARC = YES;
				CLANG_ENABLE_OBJC_WEAK = YES;
				CLANG_WARN_BLOCK_CAPTURE_AUTORELEASING = YES;
				CLANG_WARN_BOOL_CONVERSION = YES;
				CLANG_WARN_COMMA = YES;
				CLANG_WARN_CONSTANT_CONVERSION = YES;
				CLANG_WARN_DEPRECATED_OBJC_IMPLEMENTATIONS = YES;
				CLANG_WARN_DIRECT_OBJC_ISA_USAGE = YES_ERROR;
				CLANG_WARN_DOCUMENTATION_COMMENTS = YES;
				CLANG_WARN_EMPTY_BODY = YES;
				CLANG_WARN_ENUM_CONVERSION = YES;
				CLANG_WARN_INFINITE_RECURSION = YES;
				CLANG_WARN_INT_CONVERSION = YES;
				CLANG_WARN_NON_LITERAL_NULL_CONVERSION = YES;
				CLANG_WARN_OBJC_IMPLICIT_RETAIN_SELF = YES;
				CLANG_WARN_OBJC_LITERAL_CONVERSION = YES;
				CLANG_WARN_OBJC_ROOT_CLASS = YES_ERROR;
				CLANG_WARN_QUOTED_INCLUDE_IN_FRAMEWORK_HEADER = YES;
				CLANG_WARN_RANGE_LOOP_ANALYSIS = YES;
				CLANG_WARN_STRICT_PROTOTYPES = YES;
				CLANG_WARN_SUSPICIOUS_MOVE = YES;
				CLANG_WARN_UNGUARDED_AVAILABILITY = YES_AGGRESSIVE;
				CLANG_WARN_UNREACHABLE_CODE = YES;
				CLANG_WARN__DUPLICATE_METHOD_MATCH = YES;
				COPY_PHASE_STRIP = NO;
				DEBUG_INFORMATION_FORMAT = "dwarf-with-dsym";
				ENABLE_NS_ASSERTIONS = NO;
				ENABLE_STRICT_OBJC_MSGSEND = YES;
				GCC_C_LANGUAGE_STANDARD = gnu11;
				GCC_NO_COMMON_BLOCKS = YES;
				GCC_WARN_64_TO_32_BIT_CONVERSION = YES;
				GCC_WARN_ABOUT_RETURN_TYPE = YES_ERROR;
				GCC_WARN_UNDECLARED_SELECTOR = YES;
				GCC_WARN_UNINITIALIZED_AUTOS = YES_AGGRESSIVE;
				GCC_WARN_UNUSED_FUNCTION = YES;
				GCC_WARN_UNUSED_VARIABLE = YES;
				IPHONEOS_DEPLOYMENT_TARGET = 16.4;
				MTL_ENABLE_DEBUG_INFO = NO;
				MTL_FAST_MATH = YES;
				SDKROOT = iphoneos;
				SWIFT_COMPILATION_MODE = wholemodule;
				SWIFT_OPTIMIZATION_LEVEL = "-O";
				VALIDATE_PRODUCT = YES;
			};
			name = Release;
		};
		AE848ABC2AA1B1840032EB5E /* Debug */ = {
			isa = XCBuildConfiguration;
			buildSettings = {
				ASSETCATALOG_COMPILER_APPICON_NAME = AppIcon;
				ASSETCATALOG_COMPILER_GLOBAL_ACCENT_COLOR_NAME = AccentColor;
				CODE_SIGN_STYLE = Automatic;
				CURRENT_PROJECT_VERSION = 1;
				GENERATE_INFOPLIST_FILE = YES;
				INFOPLIST_FILE = homeWorkNumberTen/Info.plist;
				INFOPLIST_KEY_UIApplicationSupportsIndirectInputEvents = YES;
				INFOPLIST_KEY_UILaunchStoryboardName = LaunchScreen;
				INFOPLIST_KEY_UIMainStoryboardFile = Main;
				INFOPLIST_KEY_UISupportedInterfaceOrientations_iPad = "UIInterfaceOrientationPortrait UIInterfaceOrientationPortraitUpsideDown UIInterfaceOrientationLandscapeLeft UIInterfaceOrientationLandscapeRight";
				INFOPLIST_KEY_UISupportedInterfaceOrientations_iPhone = "UIInterfaceOrientationPortrait UIInterfaceOrientationLandscapeLeft UIInterfaceOrientationLandscapeRight";
				LD_RUNPATH_SEARCH_PATHS = (
					"$(inherited)",
					"@executable_path/Frameworks",
				);
				MARKETING_VERSION = 1.0;
				PRODUCT_BUNDLE_IDENTIFIER = new.homeWorkNumberTen;
				PRODUCT_NAME = "$(TARGET_NAME)";
				SWIFT_EMIT_LOC_STRINGS = YES;
				SWIFT_VERSION = 5.0;
				TARGETED_DEVICE_FAMILY = "1,2";
			};
			name = Debug;
		};
		AE848ABD2AA1B1840032EB5E /* Release */ = {
			isa = XCBuildConfiguration;
			buildSettings = {
				ASSETCATALOG_COMPILER_APPICON_NAME = AppIcon;
				ASSETCATALOG_COMPILER_GLOBAL_ACCENT_COLOR_NAME = AccentColor;
				CODE_SIGN_STYLE = Automatic;
				CURRENT_PROJECT_VERSION = 1;
				GENERATE_INFOPLIST_FILE = YES;
				INFOPLIST_FILE = homeWorkNumberTen/Info.plist;
				INFOPLIST_KEY_UIApplicationSupportsIndirectInputEvents = YES;
				INFOPLIST_KEY_UILaunchStoryboardName = LaunchScreen;
				INFOPLIST_KEY_UIMainStoryboardFile = Main;
				INFOPLIST_KEY_UISupportedInterfaceOrientations_iPad = "UIInterfaceOrientationPortrait UIInterfaceOrientationPortraitUpsideDown UIInterfaceOrientationLandscapeLeft UIInterfaceOrientationLandscapeRight";
				INFOPLIST_KEY_UISupportedInterfaceOrientations_iPhone = "UIInterfaceOrientationPortrait UIInterfaceOrientationLandscapeLeft UIInterfaceOrientationLandscapeRight";
				LD_RUNPATH_SEARCH_PATHS = (
					"$(inherited)",
					"@executable_path/Frameworks",
				);
				MARKETING_VERSION = 1.0;
				PRODUCT_BUNDLE_IDENTIFIER = new.homeWorkNumberTen;
				PRODUCT_NAME = "$(TARGET_NAME)";
				SWIFT_EMIT_LOC_STRINGS = YES;
				SWIFT_VERSION = 5.0;
				TARGETED_DEVICE_FAMILY = "1,2";
			};
			name = Release;
		};
/* End XCBuildConfiguration section */

/* Begin XCConfigurationList section */
		AE848AA22AA1B1820032EB5E /* Build configuration list for PBXProject "homeWorkNumberTen" */ = {
			isa = XCConfigurationList;
			buildConfigurations = (
				AE848AB92AA1B1840032EB5E /* Debug */,
				AE848ABA2AA1B1840032EB5E /* Release */,
			);
			defaultConfigurationIsVisible = 0;
			defaultConfigurationName = Release;
		};
		AE848ABB2AA1B1840032EB5E /* Build configuration list for PBXNativeTarget "homeWorkNumberTen" */ = {
			isa = XCConfigurationList;
			buildConfigurations = (
				AE848ABC2AA1B1840032EB5E /* Debug */,
				AE848ABD2AA1B1840032EB5E /* Release */,
			);
			defaultConfigurationIsVisible = 0;
			defaultConfigurationName = Release;
		};
/* End XCConfigurationList section */
	};
	rootObject = AE848A9F2AA1B1820032EB5E /* Project object */;
}
